
Microsoft Visual Studio Solution File, Format Version 12.00
# Visual Studio Version 17
VisualStudioVersion = 17.2.32526.322
MinimumVisualStudioVersion = 10.0.40219.1
Project("{2150E333-8FDC-42A3-9474-1A3956D46DE8}") = "DistanciaBinaria", "DistanciaBinaria", "{ADF1E4D8-EBE6-4DC2-97A9-ECEFBB7745F2}"
EndProject
Project("{2150E333-8FDC-42A3-9474-1A3956D46DE8}") = "RotacionCiclica", "RotacionCiclica", "{7DBF2701-4445-484A-A080-2A3799024133}"
EndProject
Project("{2150E333-8FDC-42A3-9474-1A3956D46DE8}") = "OcurrenciasImpares", "OcurrenciasImpares", "{656B51AC-039C-49E2-97E8-E58FF85D6EFD}"
EndProject
Project("{2150E333-8FDC-42A3-9474-1A3956D46DE8}") = "CuentaSaltos", "CuentaSaltos", "{0113D5D1-596C-4533-8737-B889A9092F23}"
EndProject
Project("{2150E333-8FDC-42A3-9474-1A3956D46DE8}") = "Permutacion", "Permutacion", "{E6B938C4-A260-4602-9F54-EDB331355EB0}"
EndProject
Project("{2150E333-8FDC-42A3-9474-1A3956D46DE8}") = "Leccion1Iteradores", "Leccion1Iteradores", "{4A8CFA36-9421-40E8-BF16-BDDB3AD5ABA6}"
EndProject
Project("{2150E333-8FDC-42A3-9474-1A3956D46DE8}") = "Leccion2Arreglos", "Leccion2Arreglos", "{98968A72-E0F3-42FA-9A17-B004B8AF9750}"
EndProject
Project("{2150E333-8FDC-42A3-9474-1A3956D46DE8}") = "Leccion3ComplejidadTiempo", "Leccion3ComplejidadTiempo", "{19A1D805-21F1-43C1-9034-0DF49DA43738}"
EndProject
Project("{2150E333-8FDC-42A3-9474-1A3956D46DE8}") = "CintaEquilibrio", "CintaEquilibrio", "{1299B533-7100-43C5-81E6-C7F08D8373C4}"
EndProject
Project("{9A19103F-16F7-4668-BE54-9A1E7A4F7556}") = "DistanciaBinariaBiblioteca", "Leccion1Iteradores\DistanciaBinaria\DistanciaBinariaBiblioteca\DistanciaBinariaBiblioteca.csproj", "{A68DD97B-8007-4170-9B25-F592CDAD8955}"
EndProject
Project("{9A19103F-16F7-4668-BE54-9A1E7A4F7556}") = "DistanciaBinariaAplicacion", "Leccion1Iteradores\DistanciaBinaria\DistanciaBinariaAplicacion\DistanciaBinariaAplicacion.csproj", "{3DBA7934-74FE-4600-970D-23BE0CBDC756}"
EndProject
Project("{9A19103F-16F7-4668-BE54-9A1E7A4F7556}") = "DistanciaBinariaPruebas", "Leccion1Iteradores\DistanciaBinaria\DistanciaBinariaPruebas\DistanciaBinariaPruebas.csproj", "{C0959027-9FF5-44E4-968C-A4B68682E0CE}"
EndProject
Project("{9A19103F-16F7-4668-BE54-9A1E7A4F7556}") = "MatrizDisparBiblioteca", "Leccion2Arreglos\OcurrenciasImpares\MatrizDisparBiblioteca\MatrizDisparBiblioteca.csproj", "{C1E97500-6F9D-4BDB-BAD9-97D9DCDE8AC8}"
EndProject
Project("{9A19103F-16F7-4668-BE54-9A1E7A4F7556}") = "MatrizDisparAplicacion", "Leccion2Arreglos\OcurrenciasImpares\MatrizDisparAplicacion\MatrizDisparAplicacion.csproj", "{01CE4F2A-9038-4B68-B6B0-57DE9533FBA2}"
EndProject
Project("{9A19103F-16F7-4668-BE54-9A1E7A4F7556}") = "MatrizDisparPrueba", "Leccion2Arreglos\OcurrenciasImpares\MatrizDisparPrueba\MatrizDisparPrueba.csproj", "{94EBF211-0BEB-4493-A8C8-58E470488E36}"
EndProject
Project("{9A19103F-16F7-4668-BE54-9A1E7A4F7556}") = "RecorrerUnaMatrizBiblioteca", "Leccion2Arreglos\RotacionCiclica\RecorrerUnaMatrizBiblioteca\RecorrerUnaMatrizBiblioteca.csproj", "{C955AA95-B517-42DF-A7CB-866DAD332647}"
EndProject
Project("{9A19103F-16F7-4668-BE54-9A1E7A4F7556}") = "RecorrerUnaMatrizAplicacion", "Leccion2Arreglos\RotacionCiclica\RecorrerUnaMatrizAplicacion\RecorrerUnaMatrizAplicacion.csproj", "{EA946241-A3C9-409F-97C1-6570DBE2E797}"
EndProject
Project("{9A19103F-16F7-4668-BE54-9A1E7A4F7556}") = "RecorrerUnaMatrizPrueba", "Leccion2Arreglos\RotacionCiclica\RecorrerUnaMatrizPrueba\RecorrerUnaMatrizPrueba.csproj", "{F91D75FF-30EC-4245-B98D-6C14C15B1747}"
EndProject
Project("{9A19103F-16F7-4668-BE54-9A1E7A4F7556}") = "CuentaSaltosBiblioteca", "Leccion3ComplejidadTiempo\CuentaSaltos\CuentaSaltosBiblioteca\CuentaSaltosBiblioteca.csproj", "{DC9B45D2-3A27-48F3-B413-A53BF8587AE5}"
EndProject
Project("{9A19103F-16F7-4668-BE54-9A1E7A4F7556}") = "CuentaSaltosAlgoritmo", "Leccion3ComplejidadTiempo\CuentaSaltos\CuentaSaltosAlgoritmo\CuentaSaltosAlgoritmo.csproj", "{F40B972B-7BD4-4616-B1DD-91AAD79BD4DE}"
EndProject
Project("{9A19103F-16F7-4668-BE54-9A1E7A4F7556}") = "CuentaSaltosPrueba", "Leccion3ComplejidadTiempo\CuentaSaltos\CuentaSaltosPrueba\CuentaSaltosPrueba.csproj", "{2A2088B2-3C5F-4AB4-AB56-54C22B6F2DD1}"
EndProject
Project("{9A19103F-16F7-4668-BE54-9A1E7A4F7556}") = "PermutacionBiblioteca", "Leccion3ComplejidadTiempo\Permutacion\PermutacionBiblioteca\PermutacionBiblioteca.csproj", "{7275E25B-3F80-480B-9D16-655F8EFE21FB}"
EndProject
Project("{9A19103F-16F7-4668-BE54-9A1E7A4F7556}") = "PermutacionAplicacion", "Leccion3ComplejidadTiempo\Permutacion\PermutacionAplicacion\PermutacionAplicacion.csproj", "{1BE10E46-E5CA-4C2A-B7C7-D6B8C508B997}"
EndProject
Project("{2150E333-8FDC-42A3-9474-1A3956D46DE8}") = "Leccion4ElementosDeConteo", "Leccion4ElementosDeConteo", "{8E669AD2-A4F2-407D-9886-E31A42028C4C}"
EndProject
Project("{2150E333-8FDC-42A3-9474-1A3956D46DE8}") = "RanaCruzando", "RanaCruzando", "{13AE152C-181B-41D7-A131-03CF2F111A14}"
EndProject
Project("{9A19103F-16F7-4668-BE54-9A1E7A4F7556}") = "RanaCruzandoBiblioteca", "Leccion4ElementosDeConteo\RanaCruzando\RanaCruzandoBiblioteca\RanaCruzandoBiblioteca.csproj", "{01E1A408-CCFC-4072-AAE4-BE6FD0160DD1}"
EndProject
Project("{9A19103F-16F7-4668-BE54-9A1E7A4F7556}") = "RanaCruzandoAlgoritmo", "Leccion4ElementosDeConteo\RanaCruzando\RanaCruzandoAplicacion\RanaCruzandoAlgoritmo.csproj", "{142B66BF-B72F-4C90-87DE-22718BFE2EBE}"
EndProject
Project("{9A19103F-16F7-4668-BE54-9A1E7A4F7556}") = "RanaCruzandoPrueba", "Leccion4ElementosDeConteo\RanaCruzando\RanaCruzandoPrueba\RanaCruzandoPrueba.csproj", "{CE3D4560-F407-4D03-804D-7EF464F4E012}"
EndProject
Project("{9A19103F-16F7-4668-BE54-9A1E7A4F7556}") = "CintaEquilibrioBiblioteca", "Leccion3ComplejidadTiempo\CintaEquilibrio\CintaEquilibrioBiblioteca\CintaEquilibrioBiblioteca.csproj", "{893EE09E-683E-43D0-B428-9C61F9808495}"
EndProject
Project("{9A19103F-16F7-4668-BE54-9A1E7A4F7556}") = "CintaEquilibrioAplicacion", "Leccion3ComplejidadTiempo\CintaEquilibrio\CintaEquilibrioAplicacion\CintaEquilibrioAplicacion.csproj", "{646E5A79-8F81-4E83-A337-E04120E63F88}"
EndProject
Project("{9A19103F-16F7-4668-BE54-9A1E7A4F7556}") = "CintaEquilibrioPrueba", "Leccion3ComplejidadTiempo\CintaEquilibrio\CintaEquilibrioPrueba\CintaEquilibrioPrueba.csproj", "{F3A9AC8A-1A5B-450E-8301-C8F99F6C0826}"
EndProject
Project("{2150E333-8FDC-42A3-9474-1A3956D46DE8}") = "PermCheck", "PermCheck", "{CB8E83B1-3429-4BC5-8A65-CD13428B7BD1}"
EndProject
Project("{9A19103F-16F7-4668-BE54-9A1E7A4F7556}") = "PermCheckAlgoritmo", "Leccion4ElementosDeConteo\PermCheck\PermCheckAlgoritmo\PermCheckAlgoritmo.csproj", "{C86A5E93-DF41-48EB-9527-F2061722BFEA}"
EndProject
Project("{9A19103F-16F7-4668-BE54-9A1E7A4F7556}") = "PermCheckBiblioteca", "Leccion4ElementosDeConteo\PermCheck\PermCheckBiblioteca\PermCheckBiblioteca.csproj", "{DD9B3BDF-169A-49FE-A837-7BC70A912673}"
EndProject
Project("{9A19103F-16F7-4668-BE54-9A1E7A4F7556}") = "PermCheckPrueba", "Leccion4ElementosDeConteo\PermCheck\PermCheckPrueba\PermCheckPrueba.csproj", "{7F1693F4-2303-4E3E-8ED7-710BA3370FDF}"
EndProject
Project("{9A19103F-16F7-4668-BE54-9A1E7A4F7556}") = "PermutacionPrueba", "Leccion3ComplejidadTiempo\Permutacion\PermutacionPrueba\PermutacionPrueba.csproj", "{BC6D097F-7A3B-41C6-8141-2BA6DA579F82}"
EndProject
Project("{2150E333-8FDC-42A3-9474-1A3956D46DE8}") = "Leccion5SumasDePrefijo", "Leccion5SumasDePrefijo", "{9EACB3CE-2032-4169-A048-B25D19ECC98F}"
EndProject
Project("{2150E333-8FDC-42A3-9474-1A3956D46DE8}") = "PassingCars", "PassingCars", "{206F13A6-3475-4B47-9ACC-1356489AE48B}"
EndProject
Project("{9A19103F-16F7-4668-BE54-9A1E7A4F7556}") = "PassingCarsBiblioteca", "Leccion5SumasDePrefijo\PassingCars\PassingCarsBiblioteca\PassingCarsBiblioteca.csproj", "{EB696BCD-C61C-4B22-AC15-FD71736EC2CF}"
EndProject
Project("{FAE04EC0-301F-11D3-BF4B-00C04F79EFBC}") = "PassingCarsAplicacion", "Leccion5SumasDePrefijo\PassingCars\PassingCarsAplicacion\PassingCarsAplicacion.csproj", "{0D0B2D5D-8253-4358-976F-6FE0B900F90B}"
EndProject
Project("{FAE04EC0-301F-11D3-BF4B-00C04F79EFBC}") = "PassingCarsPruebas", "Leccion5SumasDePrefijo\PassingCars\PassingCarsPruebas\PassingCarsPruebas.csproj", "{BA3C1CF0-2D24-4CE8-9EC9-1DD7BB925FBC}"
EndProject
Global
	GlobalSection(SolutionConfigurationPlatforms) = preSolution
		Debug|Any CPU = Debug|Any CPU
		Release|Any CPU = Release|Any CPU
	EndGlobalSection
	GlobalSection(ProjectConfigurationPlatforms) = postSolution
		{A68DD97B-8007-4170-9B25-F592CDAD8955}.Debug|Any CPU.ActiveCfg = Debug|Any CPU
		{A68DD97B-8007-4170-9B25-F592CDAD8955}.Debug|Any CPU.Build.0 = Debug|Any CPU
		{A68DD97B-8007-4170-9B25-F592CDAD8955}.Release|Any CPU.ActiveCfg = Release|Any CPU
		{A68DD97B-8007-4170-9B25-F592CDAD8955}.Release|Any CPU.Build.0 = Release|Any CPU
		{3DBA7934-74FE-4600-970D-23BE0CBDC756}.Debug|Any CPU.ActiveCfg = Debug|Any CPU
		{3DBA7934-74FE-4600-970D-23BE0CBDC756}.Debug|Any CPU.Build.0 = Debug|Any CPU
		{3DBA7934-74FE-4600-970D-23BE0CBDC756}.Release|Any CPU.ActiveCfg = Release|Any CPU
		{3DBA7934-74FE-4600-970D-23BE0CBDC756}.Release|Any CPU.Build.0 = Release|Any CPU
		{C0959027-9FF5-44E4-968C-A4B68682E0CE}.Debug|Any CPU.ActiveCfg = Debug|Any CPU
		{C0959027-9FF5-44E4-968C-A4B68682E0CE}.Debug|Any CPU.Build.0 = Debug|Any CPU
		{C0959027-9FF5-44E4-968C-A4B68682E0CE}.Release|Any CPU.ActiveCfg = Release|Any CPU
		{C0959027-9FF5-44E4-968C-A4B68682E0CE}.Release|Any CPU.Build.0 = Release|Any CPU
		{C1E97500-6F9D-4BDB-BAD9-97D9DCDE8AC8}.Debug|Any CPU.ActiveCfg = Debug|Any CPU
		{C1E97500-6F9D-4BDB-BAD9-97D9DCDE8AC8}.Debug|Any CPU.Build.0 = Debug|Any CPU
		{C1E97500-6F9D-4BDB-BAD9-97D9DCDE8AC8}.Release|Any CPU.ActiveCfg = Release|Any CPU
		{C1E97500-6F9D-4BDB-BAD9-97D9DCDE8AC8}.Release|Any CPU.Build.0 = Release|Any CPU
		{01CE4F2A-9038-4B68-B6B0-57DE9533FBA2}.Debug|Any CPU.ActiveCfg = Debug|Any CPU
		{01CE4F2A-9038-4B68-B6B0-57DE9533FBA2}.Debug|Any CPU.Build.0 = Debug|Any CPU
		{01CE4F2A-9038-4B68-B6B0-57DE9533FBA2}.Release|Any CPU.ActiveCfg = Release|Any CPU
		{01CE4F2A-9038-4B68-B6B0-57DE9533FBA2}.Release|Any CPU.Build.0 = Release|Any CPU
		{94EBF211-0BEB-4493-A8C8-58E470488E36}.Debug|Any CPU.ActiveCfg = Debug|Any CPU
		{94EBF211-0BEB-4493-A8C8-58E470488E36}.Debug|Any CPU.Build.0 = Debug|Any CPU
		{94EBF211-0BEB-4493-A8C8-58E470488E36}.Release|Any CPU.ActiveCfg = Release|Any CPU
		{94EBF211-0BEB-4493-A8C8-58E470488E36}.Release|Any CPU.Build.0 = Release|Any CPU
		{C955AA95-B517-42DF-A7CB-866DAD332647}.Debug|Any CPU.ActiveCfg = Debug|Any CPU
		{C955AA95-B517-42DF-A7CB-866DAD332647}.Debug|Any CPU.Build.0 = Debug|Any CPU
		{C955AA95-B517-42DF-A7CB-866DAD332647}.Release|Any CPU.ActiveCfg = Release|Any CPU
		{C955AA95-B517-42DF-A7CB-866DAD332647}.Release|Any CPU.Build.0 = Release|Any CPU
		{EA946241-A3C9-409F-97C1-6570DBE2E797}.Debug|Any CPU.ActiveCfg = Debug|Any CPU
		{EA946241-A3C9-409F-97C1-6570DBE2E797}.Debug|Any CPU.Build.0 = Debug|Any CPU
		{EA946241-A3C9-409F-97C1-6570DBE2E797}.Release|Any CPU.ActiveCfg = Release|Any CPU
		{EA946241-A3C9-409F-97C1-6570DBE2E797}.Release|Any CPU.Build.0 = Release|Any CPU
		{F91D75FF-30EC-4245-B98D-6C14C15B1747}.Debug|Any CPU.ActiveCfg = Debug|Any CPU
		{F91D75FF-30EC-4245-B98D-6C14C15B1747}.Debug|Any CPU.Build.0 = Debug|Any CPU
		{F91D75FF-30EC-4245-B98D-6C14C15B1747}.Release|Any CPU.ActiveCfg = Release|Any CPU
		{F91D75FF-30EC-4245-B98D-6C14C15B1747}.Release|Any CPU.Build.0 = Release|Any CPU
		{DC9B45D2-3A27-48F3-B413-A53BF8587AE5}.Debug|Any CPU.ActiveCfg = Debug|Any CPU
		{DC9B45D2-3A27-48F3-B413-A53BF8587AE5}.Debug|Any CPU.Build.0 = Debug|Any CPU
		{DC9B45D2-3A27-48F3-B413-A53BF8587AE5}.Release|Any CPU.ActiveCfg = Release|Any CPU
		{DC9B45D2-3A27-48F3-B413-A53BF8587AE5}.Release|Any CPU.Build.0 = Release|Any CPU
		{F40B972B-7BD4-4616-B1DD-91AAD79BD4DE}.Debug|Any CPU.ActiveCfg = Debug|Any CPU
		{F40B972B-7BD4-4616-B1DD-91AAD79BD4DE}.Debug|Any CPU.Build.0 = Debug|Any CPU
		{F40B972B-7BD4-4616-B1DD-91AAD79BD4DE}.Release|Any CPU.ActiveCfg = Release|Any CPU
		{F40B972B-7BD4-4616-B1DD-91AAD79BD4DE}.Release|Any CPU.Build.0 = Release|Any CPU
		{2A2088B2-3C5F-4AB4-AB56-54C22B6F2DD1}.Debug|Any CPU.ActiveCfg = Debug|Any CPU
		{2A2088B2-3C5F-4AB4-AB56-54C22B6F2DD1}.Debug|Any CPU.Build.0 = Debug|Any CPU
		{2A2088B2-3C5F-4AB4-AB56-54C22B6F2DD1}.Release|Any CPU.ActiveCfg = Release|Any CPU
		{2A2088B2-3C5F-4AB4-AB56-54C22B6F2DD1}.Release|Any CPU.Build.0 = Release|Any CPU
		{7275E25B-3F80-480B-9D16-655F8EFE21FB}.Debug|Any CPU.ActiveCfg = Debug|Any CPU
		{7275E25B-3F80-480B-9D16-655F8EFE21FB}.Debug|Any CPU.Build.0 = Debug|Any CPU
		{7275E25B-3F80-480B-9D16-655F8EFE21FB}.Release|Any CPU.ActiveCfg = Release|Any CPU
		{7275E25B-3F80-480B-9D16-655F8EFE21FB}.Release|Any CPU.Build.0 = Release|Any CPU
		{1BE10E46-E5CA-4C2A-B7C7-D6B8C508B997}.Debug|Any CPU.ActiveCfg = Debug|Any CPU
		{1BE10E46-E5CA-4C2A-B7C7-D6B8C508B997}.Debug|Any CPU.Build.0 = Debug|Any CPU
		{1BE10E46-E5CA-4C2A-B7C7-D6B8C508B997}.Release|Any CPU.ActiveCfg = Release|Any CPU
		{1BE10E46-E5CA-4C2A-B7C7-D6B8C508B997}.Release|Any CPU.Build.0 = Release|Any CPU
		{01E1A408-CCFC-4072-AAE4-BE6FD0160DD1}.Debug|Any CPU.ActiveCfg = Debug|Any CPU
		{01E1A408-CCFC-4072-AAE4-BE6FD0160DD1}.Debug|Any CPU.Build.0 = Debug|Any CPU
		{01E1A408-CCFC-4072-AAE4-BE6FD0160DD1}.Release|Any CPU.ActiveCfg = Release|Any CPU
		{01E1A408-CCFC-4072-AAE4-BE6FD0160DD1}.Release|Any CPU.Build.0 = Release|Any CPU
		{142B66BF-B72F-4C90-87DE-22718BFE2EBE}.Debug|Any CPU.ActiveCfg = Debug|Any CPU
		{142B66BF-B72F-4C90-87DE-22718BFE2EBE}.Debug|Any CPU.Build.0 = Debug|Any CPU
		{142B66BF-B72F-4C90-87DE-22718BFE2EBE}.Release|Any CPU.ActiveCfg = Release|Any CPU
		{142B66BF-B72F-4C90-87DE-22718BFE2EBE}.Release|Any CPU.Build.0 = Release|Any CPU
		{CE3D4560-F407-4D03-804D-7EF464F4E012}.Debug|Any CPU.ActiveCfg = Debug|Any CPU
		{CE3D4560-F407-4D03-804D-7EF464F4E012}.Debug|Any CPU.Build.0 = Debug|Any CPU
		{CE3D4560-F407-4D03-804D-7EF464F4E012}.Release|Any CPU.ActiveCfg = Release|Any CPU
		{CE3D4560-F407-4D03-804D-7EF464F4E012}.Release|Any CPU.Build.0 = Release|Any CPU
		{893EE09E-683E-43D0-B428-9C61F9808495}.Debug|Any CPU.ActiveCfg = Debug|Any CPU
		{893EE09E-683E-43D0-B428-9C61F9808495}.Debug|Any CPU.Build.0 = Debug|Any CPU
		{893EE09E-683E-43D0-B428-9C61F9808495}.Release|Any CPU.ActiveCfg = Release|Any CPU
		{893EE09E-683E-43D0-B428-9C61F9808495}.Release|Any CPU.Build.0 = Release|Any CPU
		{646E5A79-8F81-4E83-A337-E04120E63F88}.Debug|Any CPU.ActiveCfg = Debug|Any CPU
		{646E5A79-8F81-4E83-A337-E04120E63F88}.Debug|Any CPU.Build.0 = Debug|Any CPU
		{646E5A79-8F81-4E83-A337-E04120E63F88}.Release|Any CPU.ActiveCfg = Release|Any CPU
		{646E5A79-8F81-4E83-A337-E04120E63F88}.Release|Any CPU.Build.0 = Release|Any CPU
		{F3A9AC8A-1A5B-450E-8301-C8F99F6C0826}.Debug|Any CPU.ActiveCfg = Debug|Any CPU
		{F3A9AC8A-1A5B-450E-8301-C8F99F6C0826}.Debug|Any CPU.Build.0 = Debug|Any CPU
		{F3A9AC8A-1A5B-450E-8301-C8F99F6C0826}.Release|Any CPU.ActiveCfg = Release|Any CPU
		{F3A9AC8A-1A5B-450E-8301-C8F99F6C0826}.Release|Any CPU.Build.0 = Release|Any CPU
		{C86A5E93-DF41-48EB-9527-F2061722BFEA}.Debug|Any CPU.ActiveCfg = Debug|Any CPU
		{C86A5E93-DF41-48EB-9527-F2061722BFEA}.Debug|Any CPU.Build.0 = Debug|Any CPU
		{C86A5E93-DF41-48EB-9527-F2061722BFEA}.Release|Any CPU.ActiveCfg = Release|Any CPU
		{C86A5E93-DF41-48EB-9527-F2061722BFEA}.Release|Any CPU.Build.0 = Release|Any CPU
		{DD9B3BDF-169A-49FE-A837-7BC70A912673}.Debug|Any CPU.ActiveCfg = Debug|Any CPU
		{DD9B3BDF-169A-49FE-A837-7BC70A912673}.Debug|Any CPU.Build.0 = Debug|Any CPU
		{DD9B3BDF-169A-49FE-A837-7BC70A912673}.Release|Any CPU.ActiveCfg = Release|Any CPU
		{DD9B3BDF-169A-49FE-A837-7BC70A912673}.Release|Any CPU.Build.0 = Release|Any CPU
		{7F1693F4-2303-4E3E-8ED7-710BA3370FDF}.Debug|Any CPU.ActiveCfg = Debug|Any CPU
		{7F1693F4-2303-4E3E-8ED7-710BA3370FDF}.Debug|Any CPU.Build.0 = Debug|Any CPU
		{7F1693F4-2303-4E3E-8ED7-710BA3370FDF}.Release|Any CPU.ActiveCfg = Release|Any CPU
		{7F1693F4-2303-4E3E-8ED7-710BA3370FDF}.Release|Any CPU.Build.0 = Release|Any CPU
		{BC6D097F-7A3B-41C6-8141-2BA6DA579F82}.Debug|Any CPU.ActiveCfg = Debug|Any CPU
		{BC6D097F-7A3B-41C6-8141-2BA6DA579F82}.Debug|Any CPU.Build.0 = Debug|Any CPU
		{BC6D097F-7A3B-41C6-8141-2BA6DA579F82}.Release|Any CPU.ActiveCfg = Release|Any CPU
		{BC6D097F-7A3B-41C6-8141-2BA6DA579F82}.Release|Any CPU.Build.0 = Release|Any CPU
		{EB696BCD-C61C-4B22-AC15-FD71736EC2CF}.Debug|Any CPU.ActiveCfg = Debug|Any CPU
		{EB696BCD-C61C-4B22-AC15-FD71736EC2CF}.Debug|Any CPU.Build.0 = Debug|Any CPU
		{EB696BCD-C61C-4B22-AC15-FD71736EC2CF}.Release|Any CPU.ActiveCfg = Release|Any CPU
		{EB696BCD-C61C-4B22-AC15-FD71736EC2CF}.Release|Any CPU.Build.0 = Release|Any CPU
		{0D0B2D5D-8253-4358-976F-6FE0B900F90B}.Debug|Any CPU.ActiveCfg = Debug|Any CPU
		{0D0B2D5D-8253-4358-976F-6FE0B900F90B}.Debug|Any CPU.Build.0 = Debug|Any CPU
		{0D0B2D5D-8253-4358-976F-6FE0B900F90B}.Release|Any CPU.ActiveCfg = Release|Any CPU
		{0D0B2D5D-8253-4358-976F-6FE0B900F90B}.Release|Any CPU.Build.0 = Release|Any CPU
		{BA3C1CF0-2D24-4CE8-9EC9-1DD7BB925FBC}.Debug|Any CPU.ActiveCfg = Debug|Any CPU
		{BA3C1CF0-2D24-4CE8-9EC9-1DD7BB925FBC}.Debug|Any CPU.Build.0 = Debug|Any CPU
		{BA3C1CF0-2D24-4CE8-9EC9-1DD7BB925FBC}.Release|Any CPU.ActiveCfg = Release|Any CPU
		{BA3C1CF0-2D24-4CE8-9EC9-1DD7BB925FBC}.Release|Any CPU.Build.0 = Release|Any CPU
	EndGlobalSection
	GlobalSection(SolutionProperties) = preSolution
		HideSolutionNode = FALSE
	EndGlobalSection
	GlobalSection(NestedProjects) = preSolution
		{ADF1E4D8-EBE6-4DC2-97A9-ECEFBB7745F2} = {4A8CFA36-9421-40E8-BF16-BDDB3AD5ABA6}
		{7DBF2701-4445-484A-A080-2A3799024133} = {98968A72-E0F3-42FA-9A17-B004B8AF9750}
		{656B51AC-039C-49E2-97E8-E58FF85D6EFD} = {98968A72-E0F3-42FA-9A17-B004B8AF9750}
		{0113D5D1-596C-4533-8737-B889A9092F23} = {19A1D805-21F1-43C1-9034-0DF49DA43738}
		{E6B938C4-A260-4602-9F54-EDB331355EB0} = {19A1D805-21F1-43C1-9034-0DF49DA43738}
		{1299B533-7100-43C5-81E6-C7F08D8373C4} = {19A1D805-21F1-43C1-9034-0DF49DA43738}
		{A68DD97B-8007-4170-9B25-F592CDAD8955} = {ADF1E4D8-EBE6-4DC2-97A9-ECEFBB7745F2}
		{3DBA7934-74FE-4600-970D-23BE0CBDC756} = {ADF1E4D8-EBE6-4DC2-97A9-ECEFBB7745F2}
		{C0959027-9FF5-44E4-968C-A4B68682E0CE} = {ADF1E4D8-EBE6-4DC2-97A9-ECEFBB7745F2}
		{C1E97500-6F9D-4BDB-BAD9-97D9DCDE8AC8} = {656B51AC-039C-49E2-97E8-E58FF85D6EFD}
		{01CE4F2A-9038-4B68-B6B0-57DE9533FBA2} = {656B51AC-039C-49E2-97E8-E58FF85D6EFD}
		{94EBF211-0BEB-4493-A8C8-58E470488E36} = {656B51AC-039C-49E2-97E8-E58FF85D6EFD}
		{C955AA95-B517-42DF-A7CB-866DAD332647} = {7DBF2701-4445-484A-A080-2A3799024133}
		{EA946241-A3C9-409F-97C1-6570DBE2E797} = {7DBF2701-4445-484A-A080-2A3799024133}
		{F91D75FF-30EC-4245-B98D-6C14C15B1747} = {7DBF2701-4445-484A-A080-2A3799024133}
		{DC9B45D2-3A27-48F3-B413-A53BF8587AE5} = {0113D5D1-596C-4533-8737-B889A9092F23}
		{F40B972B-7BD4-4616-B1DD-91AAD79BD4DE} = {0113D5D1-596C-4533-8737-B889A9092F23}
		{2A2088B2-3C5F-4AB4-AB56-54C22B6F2DD1} = {0113D5D1-596C-4533-8737-B889A9092F23}
		{7275E25B-3F80-480B-9D16-655F8EFE21FB} = {E6B938C4-A260-4602-9F54-EDB331355EB0}
		{1BE10E46-E5CA-4C2A-B7C7-D6B8C508B997} = {E6B938C4-A260-4602-9F54-EDB331355EB0}
		{13AE152C-181B-41D7-A131-03CF2F111A14} = {8E669AD2-A4F2-407D-9886-E31A42028C4C}
		{01E1A408-CCFC-4072-AAE4-BE6FD0160DD1} = {13AE152C-181B-41D7-A131-03CF2F111A14}
		{142B66BF-B72F-4C90-87DE-22718BFE2EBE} = {13AE152C-181B-41D7-A131-03CF2F111A14}
		{CE3D4560-F407-4D03-804D-7EF464F4E012} = {13AE152C-181B-41D7-A131-03CF2F111A14}
		{893EE09E-683E-43D0-B428-9C61F9808495} = {1299B533-7100-43C5-81E6-C7F08D8373C4}
		{646E5A79-8F81-4E83-A337-E04120E63F88} = {1299B533-7100-43C5-81E6-C7F08D8373C4}
		{F3A9AC8A-1A5B-450E-8301-C8F99F6C0826} = {1299B533-7100-43C5-81E6-C7F08D8373C4}
		{CB8E83B1-3429-4BC5-8A65-CD13428B7BD1} = {8E669AD2-A4F2-407D-9886-E31A42028C4C}
		{C86A5E93-DF41-48EB-9527-F2061722BFEA} = {CB8E83B1-3429-4BC5-8A65-CD13428B7BD1}
		{DD9B3BDF-169A-49FE-A837-7BC70A912673} = {CB8E83B1-3429-4BC5-8A65-CD13428B7BD1}
		{7F1693F4-2303-4E3E-8ED7-710BA3370FDF} = {CB8E83B1-3429-4BC5-8A65-CD13428B7BD1}
		{BC6D097F-7A3B-41C6-8141-2BA6DA579F82} = {E6B938C4-A260-4602-9F54-EDB331355EB0}
		{206F13A6-3475-4B47-9ACC-1356489AE48B} = {9EACB3CE-2032-4169-A048-B25D19ECC98F}
		{EB696BCD-C61C-4B22-AC15-FD71736EC2CF} = {206F13A6-3475-4B47-9ACC-1356489AE48B}
		{0D0B2D5D-8253-4358-976F-6FE0B900F90B} = {206F13A6-3475-4B47-9ACC-1356489AE48B}
		{BA3C1CF0-2D24-4CE8-9EC9-1DD7BB925FBC} = {206F13A6-3475-4B47-9ACC-1356489AE48B}
	EndGlobalSection
	GlobalSection(ExtensibilityGlobals) = postSolution
		SolutionGuid = {16F324E4-EBBE-4CE3-8534-FED9D2136146}
	EndGlobalSection
EndGlobal
