
Microsoft Visual Studio Solution File, Format Version 12.00
# Visual Studio Version 17
VisualStudioVersion = 17.2.32526.322
MinimumVisualStudioVersion = 10.0.40219.1
Project("{2150E333-8FDC-42A3-9474-1A3956D46DE8}") = "DistanciaBinaria", "DistanciaBinaria", "{ADF1E4D8-EBE6-4DC2-97A9-ECEFBB7745F2}"
EndProject
Project("{9A19103F-16F7-4668-BE54-9A1E7A4F7556}") = "DistanciaBinariaBiblioteca", "DistanciaBinaria\DistanciaBinariaBiblioteca\DistanciaBinariaBiblioteca.csproj", "{3A34C775-5FAF-4923-A0C9-306DCA3E6E79}"
EndProject
Project("{9A19103F-16F7-4668-BE54-9A1E7A4F7556}") = "DistanciaBinariaAplicacion", "DistanciaBinaria\DistanciaBinariaAplicacion\DistanciaBinariaAplicacion.csproj", "{A3FB825D-D2F9-4F28-AE83-A617FEB7681C}"
EndProject
Project("{9A19103F-16F7-4668-BE54-9A1E7A4F7556}") = "DistanciaBinariaPruebas", "DistanciaBinaria\DistanciaBinariaPruebas\DistanciaBinariaPruebas.csproj", "{0BE7831A-C5A4-437B-919C-FF7F1CE7E3B2}"
EndProject
Global
	GlobalSection(SolutionConfigurationPlatforms) = preSolution
		Debug|Any CPU = Debug|Any CPU
		Release|Any CPU = Release|Any CPU
	EndGlobalSection
	GlobalSection(ProjectConfigurationPlatforms) = postSolution
		{3A34C775-5FAF-4923-A0C9-306DCA3E6E79}.Debug|Any CPU.ActiveCfg = Debug|Any CPU
		{3A34C775-5FAF-4923-A0C9-306DCA3E6E79}.Debug|Any CPU.Build.0 = Debug|Any CPU
		{3A34C775-5FAF-4923-A0C9-306DCA3E6E79}.Release|Any CPU.ActiveCfg = Release|Any CPU
		{3A34C775-5FAF-4923-A0C9-306DCA3E6E79}.Release|Any CPU.Build.0 = Release|Any CPU
		{A3FB825D-D2F9-4F28-AE83-A617FEB7681C}.Debug|Any CPU.ActiveCfg = Debug|Any CPU
		{A3FB825D-D2F9-4F28-AE83-A617FEB7681C}.Debug|Any CPU.Build.0 = Debug|Any CPU
		{A3FB825D-D2F9-4F28-AE83-A617FEB7681C}.Release|Any CPU.ActiveCfg = Release|Any CPU
		{A3FB825D-D2F9-4F28-AE83-A617FEB7681C}.Release|Any CPU.Build.0 = Release|Any CPU
		{0BE7831A-C5A4-437B-919C-FF7F1CE7E3B2}.Debug|Any CPU.ActiveCfg = Debug|Any CPU
		{0BE7831A-C5A4-437B-919C-FF7F1CE7E3B2}.Debug|Any CPU.Build.0 = Debug|Any CPU
		{0BE7831A-C5A4-437B-919C-FF7F1CE7E3B2}.Release|Any CPU.ActiveCfg = Release|Any CPU
		{0BE7831A-C5A4-437B-919C-FF7F1CE7E3B2}.Release|Any CPU.Build.0 = Release|Any CPU
	EndGlobalSection
	GlobalSection(SolutionProperties) = preSolution
		HideSolutionNode = FALSE
	EndGlobalSection
	GlobalSection(NestedProjects) = preSolution
		{3A34C775-5FAF-4923-A0C9-306DCA3E6E79} = {ADF1E4D8-EBE6-4DC2-97A9-ECEFBB7745F2}
		{A3FB825D-D2F9-4F28-AE83-A617FEB7681C} = {ADF1E4D8-EBE6-4DC2-97A9-ECEFBB7745F2}
		{0BE7831A-C5A4-437B-919C-FF7F1CE7E3B2} = {ADF1E4D8-EBE6-4DC2-97A9-ECEFBB7745F2}
	EndGlobalSection
	GlobalSection(ExtensibilityGlobals) = postSolution
		SolutionGuid = {16F324E4-EBBE-4CE3-8534-FED9D2136146}
	EndGlobalSection
EndGlobal
